
Microsoft Visual Studio Solution File, Format Version 12.00
# Visual Studio 15
VisualStudioVersion = 15.0.28307.1585
MinimumVisualStudioVersion = 10.0.40219.1
Project("{8BC9CEB8-8B4A-11D0-8D11-00A0C91BC942}") = "exp2_2.c", "exp2_2.c\exp2_2.c.vcxproj", "{B53C902F-FB28-45F9-8ECA-8CCCBE4D33D4}"
EndProject
Global
	GlobalSection(SolutionConfigurationPlatforms) = preSolution
		Debug|x64 = Debug|x64
		Debug|x86 = Debug|x86
		Release|x64 = Release|x64
		Release|x86 = Release|x86
	EndGlobalSection
	GlobalSection(ProjectConfigurationPlatforms) = postSolution
		{B53C902F-FB28-45F9-8ECA-8CCCBE4D33D4}.Debug|x64.ActiveCfg = Debug|x64
		{B53C902F-FB28-45F9-8ECA-8CCCBE4D33D4}.Debug|x64.Build.0 = Debug|x64
		{B53C902F-FB28-45F9-8ECA-8CCCBE4D33D4}.Debug|x86.ActiveCfg = Debug|Win32
		{B53C902F-FB28-45F9-8ECA-8CCCBE4D33D4}.Debug|x86.Build.0 = Debug|Win32
		{B53C902F-FB28-45F9-8ECA-8CCCBE4D33D4}.Release|x64.ActiveCfg = Release|x64
		{B53C902F-FB28-45F9-8ECA-8CCCBE4D33D4}.Release|x64.Build.0 = Release|x64
		{B53C902F-FB28-45F9-8ECA-8CCCBE4D33D4}.Release|x86.ActiveCfg = Release|Win32
		{B53C902F-FB28-45F9-8ECA-8CCCBE4D33D4}.Release|x86.Build.0 = Release|Win32
	EndGlobalSection
	GlobalSection(SolutionProperties) = preSolution
		HideSolutionNode = FALSE
	EndGlobalSection
	GlobalSection(ExtensibilityGlobals) = postSolution
		SolutionGuid = {5961CB31-953C-4880-8029-A941E4CE1FBC}
	EndGlobalSection
EndGlobal
