<<<<<<< HEAD
﻿
Microsoft Visual Studio Solution File, Format Version 12.00
# Visual Studio 15
VisualStudioVersion = 15.0.28307.1585
MinimumVisualStudioVersion = 10.0.40219.1
Project("{8BC9CEB8-8B4A-11D0-8D11-00A0C91BC942}") = "exp3_5", "exp3_5\exp3_5.vcxproj", "{1112AA13-1290-404F-9467-07A31ED3BCF0}"
EndProject
Global
	GlobalSection(SolutionConfigurationPlatforms) = preSolution
		Debug|x64 = Debug|x64
		Debug|x86 = Debug|x86
		Release|x64 = Release|x64
		Release|x86 = Release|x86
	EndGlobalSection
	GlobalSection(ProjectConfigurationPlatforms) = postSolution
		{1112AA13-1290-404F-9467-07A31ED3BCF0}.Debug|x64.ActiveCfg = Debug|x64
		{1112AA13-1290-404F-9467-07A31ED3BCF0}.Debug|x64.Build.0 = Debug|x64
		{1112AA13-1290-404F-9467-07A31ED3BCF0}.Debug|x86.ActiveCfg = Debug|Win32
		{1112AA13-1290-404F-9467-07A31ED3BCF0}.Debug|x86.Build.0 = Debug|Win32
		{1112AA13-1290-404F-9467-07A31ED3BCF0}.Release|x64.ActiveCfg = Release|x64
		{1112AA13-1290-404F-9467-07A31ED3BCF0}.Release|x64.Build.0 = Release|x64
		{1112AA13-1290-404F-9467-07A31ED3BCF0}.Release|x86.ActiveCfg = Release|Win32
		{1112AA13-1290-404F-9467-07A31ED3BCF0}.Release|x86.Build.0 = Release|Win32
	EndGlobalSection
	GlobalSection(SolutionProperties) = preSolution
		HideSolutionNode = FALSE
	EndGlobalSection
	GlobalSection(ExtensibilityGlobals) = postSolution
		SolutionGuid = {5B47061B-BE8D-4E82-8763-E0F07BF4DA16}
	EndGlobalSection
EndGlobal
=======
﻿
Microsoft Visual Studio Solution File, Format Version 12.00
# Visual Studio 15
VisualStudioVersion = 15.0.28307.1585
MinimumVisualStudioVersion = 10.0.40219.1
Project("{8BC9CEB8-8B4A-11D0-8D11-00A0C91BC942}") = "exp3_5", "exp3_5\exp3_5.vcxproj", "{1112AA13-1290-404F-9467-07A31ED3BCF0}"
EndProject
Global
	GlobalSection(SolutionConfigurationPlatforms) = preSolution
		Debug|x64 = Debug|x64
		Debug|x86 = Debug|x86
		Release|x64 = Release|x64
		Release|x86 = Release|x86
	EndGlobalSection
	GlobalSection(ProjectConfigurationPlatforms) = postSolution
		{1112AA13-1290-404F-9467-07A31ED3BCF0}.Debug|x64.ActiveCfg = Debug|x64
		{1112AA13-1290-404F-9467-07A31ED3BCF0}.Debug|x64.Build.0 = Debug|x64
		{1112AA13-1290-404F-9467-07A31ED3BCF0}.Debug|x86.ActiveCfg = Debug|Win32
		{1112AA13-1290-404F-9467-07A31ED3BCF0}.Debug|x86.Build.0 = Debug|Win32
		{1112AA13-1290-404F-9467-07A31ED3BCF0}.Release|x64.ActiveCfg = Release|x64
		{1112AA13-1290-404F-9467-07A31ED3BCF0}.Release|x64.Build.0 = Release|x64
		{1112AA13-1290-404F-9467-07A31ED3BCF0}.Release|x86.ActiveCfg = Release|Win32
		{1112AA13-1290-404F-9467-07A31ED3BCF0}.Release|x86.Build.0 = Release|Win32
	EndGlobalSection
	GlobalSection(SolutionProperties) = preSolution
		HideSolutionNode = FALSE
	EndGlobalSection
	GlobalSection(ExtensibilityGlobals) = postSolution
		SolutionGuid = {5B47061B-BE8D-4E82-8763-E0F07BF4DA16}
	EndGlobalSection
EndGlobal
>>>>>>> 8f2777d8ec923a2648d6a6d89cee9717394c5f09
